
Microsoft Visual Studio Solution File, Format Version 12.00
# Visual Studio Version 17
VisualStudioVersion = 17.4.33213.308
MinimumVisualStudioVersion = 10.0.40219.1
Project("{FAE04EC0-301F-11D3-BF4B-00C04F79EFBC}") = "Mid_Lab_Task_4", "Mid_Lab_Task_4\Mid_Lab_Task_4.csproj", "{3495FCE3-B48A-4ED9-B427-194143736011}"
EndProject
Global
	GlobalSection(SolutionConfigurationPlatforms) = preSolution
		Debug|Any CPU = Debug|Any CPU
		Release|Any CPU = Release|Any CPU
	EndGlobalSection
	GlobalSection(ProjectConfigurationPlatforms) = postSolution
		{3495FCE3-B48A-4ED9-B427-194143736011}.Debug|Any CPU.ActiveCfg = Debug|Any CPU
		{3495FCE3-B48A-4ED9-B427-194143736011}.Debug|Any CPU.Build.0 = Debug|Any CPU
		{3495FCE3-B48A-4ED9-B427-194143736011}.Release|Any CPU.ActiveCfg = Release|Any CPU
		{3495FCE3-B48A-4ED9-B427-194143736011}.Release|Any CPU.Build.0 = Release|Any CPU
	EndGlobalSection
	GlobalSection(SolutionProperties) = preSolution
		HideSolutionNode = FALSE
	EndGlobalSection
	GlobalSection(ExtensibilityGlobals) = postSolution
		SolutionGuid = {CA1AFE95-E90B-4C2E-9B1A-299909ECF788}
	EndGlobalSection
EndGlobal
