
Microsoft Visual Studio Solution File, Format Version 12.00
# Visual Studio Version 17
VisualStudioVersion = 17.4.33213.308
MinimumVisualStudioVersion = 10.0.40219.1
Project("{FAE04EC0-301F-11D3-BF4B-00C04F79EFBC}") = "Mid_Lab03", "Mid_Lab03\Mid_Lab03.csproj", "{5973B16B-E040-4A05-8C6C-3B7A6992E755}"
EndProject
Global
	GlobalSection(SolutionConfigurationPlatforms) = preSolution
		Debug|Any CPU = Debug|Any CPU
		Release|Any CPU = Release|Any CPU
	EndGlobalSection
	GlobalSection(ProjectConfigurationPlatforms) = postSolution
		{5973B16B-E040-4A05-8C6C-3B7A6992E755}.Debug|Any CPU.ActiveCfg = Debug|Any CPU
		{5973B16B-E040-4A05-8C6C-3B7A6992E755}.Debug|Any CPU.Build.0 = Debug|Any CPU
		{5973B16B-E040-4A05-8C6C-3B7A6992E755}.Release|Any CPU.ActiveCfg = Release|Any CPU
		{5973B16B-E040-4A05-8C6C-3B7A6992E755}.Release|Any CPU.Build.0 = Release|Any CPU
	EndGlobalSection
	GlobalSection(SolutionProperties) = preSolution
		HideSolutionNode = FALSE
	EndGlobalSection
	GlobalSection(ExtensibilityGlobals) = postSolution
		SolutionGuid = {DA2DE229-B02F-4329-9516-5553393EF632}
	EndGlobalSection
EndGlobal
